// !$*UTF8*$!
{
	archiveVersion = 1;
	classes = {
	};
	objectVersion = 51;
	objects = {

/* Begin PBXBuildFile section */
		4C044A1E0908BD01DB225AA5 /* Pods_SmoothCommerce_Challenge.framework in Frameworks */ = {isa = PBXBuildFile; fileRef = 77B616453802EB416B67C864 /* Pods_SmoothCommerce_Challenge.framework */; };
		E12B9A1324C895D800E53F66 /* AppDelegate.swift in Sources */ = {isa = PBXBuildFile; fileRef = E12B9A1224C895D800E53F66 /* AppDelegate.swift */; };
		E12B9A1524C895D800E53F66 /* SceneDelegate.swift in Sources */ = {isa = PBXBuildFile; fileRef = E12B9A1424C895D800E53F66 /* SceneDelegate.swift */; };
		E12B9A1724C895D800E53F66 /* FeedViewController.swift in Sources */ = {isa = PBXBuildFile; fileRef = E12B9A1624C895D800E53F66 /* FeedViewController.swift */; };
		E12B9A1A24C895D800E53F66 /* Main.storyboard in Resources */ = {isa = PBXBuildFile; fileRef = E12B9A1824C895D800E53F66 /* Main.storyboard */; };
		E12B9A1C24C895D900E53F66 /* Assets.xcassets in Resources */ = {isa = PBXBuildFile; fileRef = E12B9A1B24C895D900E53F66 /* Assets.xcassets */; };
		E12B9A1F24C895D900E53F66 /* LaunchScreen.storyboard in Resources */ = {isa = PBXBuildFile; fileRef = E12B9A1D24C895D900E53F66 /* LaunchScreen.storyboard */; };
		E12B9A2724C8967700E53F66 /* TextTableViewCell.swift in Sources */ = {isa = PBXBuildFile; fileRef = E12B9A2624C8967700E53F66 /* TextTableViewCell.swift */; };
		E12B9A2924C8968400E53F66 /* LinkTableViewCell.swift in Sources */ = {isa = PBXBuildFile; fileRef = E12B9A2824C8968400E53F66 /* LinkTableViewCell.swift */; };
		E12B9A2B24C8968D00E53F66 /* ImageTableViewCell.swift in Sources */ = {isa = PBXBuildFile; fileRef = E12B9A2A24C8968D00E53F66 /* ImageTableViewCell.swift */; };
		E1B5FFEC24C8B0760064D3B0 /* GoogleService-Info.plist in Resources */ = {isa = PBXBuildFile; fileRef = E1B5FFEB24C8B0760064D3B0 /* GoogleService-Info.plist */; };
		E1B5FFEE24C8BAEC0064D3B0 /* videoTableViewCell.swift in Sources */ = {isa = PBXBuildFile; fileRef = E1B5FFED24C8BAEC0064D3B0 /* videoTableViewCell.swift */; };
		E1C7747B24C89B3200A02E9C /* Model.swift in Sources */ = {isa = PBXBuildFile; fileRef = E1C7747A24C89B3200A02E9C /* Model.swift */; };
		E1C7747F24C8A7ED00A02E9C /* Extensions.swift in Sources */ = {isa = PBXBuildFile; fileRef = E1C7747E24C8A7ED00A02E9C /* Extensions.swift */; };
/* End PBXBuildFile section */

/* Begin PBXFileReference section */
		4622C89DE8CE123D616C14DF /* Pods-SmoothCommerce Challenge.debug.xcconfig */ = {isa = PBXFileReference; includeInIndex = 1; lastKnownFileType = text.xcconfig; name = "Pods-SmoothCommerce Challenge.debug.xcconfig"; path = "Target Support Files/Pods-SmoothCommerce Challenge/Pods-SmoothCommerce Challenge.debug.xcconfig"; sourceTree = "<group>"; };
		65E0252A7E8F369DED0C0114 /* Pods-SmoothCommerce Challenge.release.xcconfig */ = {isa = PBXFileReference; includeInIndex = 1; lastKnownFileType = text.xcconfig; name = "Pods-SmoothCommerce Challenge.release.xcconfig"; path = "Target Support Files/Pods-SmoothCommerce Challenge/Pods-SmoothCommerce Challenge.release.xcconfig"; sourceTree = "<group>"; };
		77B616453802EB416B67C864 /* Pods_SmoothCommerce_Challenge.framework */ = {isa = PBXFileReference; explicitFileType = wrapper.framework; includeInIndex = 0; path = Pods_SmoothCommerce_Challenge.framework; sourceTree = BUILT_PRODUCTS_DIR; };
		E12B9A0F24C895D800E53F66 /* SmoothCommerce Challenge.app */ = {isa = PBXFileReference; explicitFileType = wrapper.application; includeInIndex = 0; path = "SmoothCommerce Challenge.app"; sourceTree = BUILT_PRODUCTS_DIR; };
		E12B9A1224C895D800E53F66 /* AppDelegate.swift */ = {isa = PBXFileReference; lastKnownFileType = sourcecode.swift; path = AppDelegate.swift; sourceTree = "<group>"; };
		E12B9A1424C895D800E53F66 /* SceneDelegate.swift */ = {isa = PBXFileReference; lastKnownFileType = sourcecode.swift; path = SceneDelegate.swift; sourceTree = "<group>"; };
		E12B9A1624C895D800E53F66 /* FeedViewController.swift */ = {isa = PBXFileReference; lastKnownFileType = sourcecode.swift; path = FeedViewController.swift; sourceTree = "<group>"; };
		E12B9A1924C895D800E53F66 /* Base */ = {isa = PBXFileReference; lastKnownFileType = file.storyboard; name = Base; path = Base.lproj/Main.storyboard; sourceTree = "<group>"; };
		E12B9A1B24C895D900E53F66 /* Assets.xcassets */ = {isa = PBXFileReference; lastKnownFileType = folder.assetcatalog; path = Assets.xcassets; sourceTree = "<group>"; };
		E12B9A1E24C895D900E53F66 /* Base */ = {isa = PBXFileReference; lastKnownFileType = file.storyboard; name = Base; path = Base.lproj/LaunchScreen.storyboard; sourceTree = "<group>"; };
		E12B9A2024C895D900E53F66 /* Info.plist */ = {isa = PBXFileReference; lastKnownFileType = text.plist.xml; path = Info.plist; sourceTree = "<group>"; };
		E12B9A2624C8967700E53F66 /* TextTableViewCell.swift */ = {isa = PBXFileReference; lastKnownFileType = sourcecode.swift; path = TextTableViewCell.swift; sourceTree = "<group>"; };
		E12B9A2824C8968400E53F66 /* LinkTableViewCell.swift */ = {isa = PBXFileReference; lastKnownFileType = sourcecode.swift; path = LinkTableViewCell.swift; sourceTree = "<group>"; };
		E12B9A2A24C8968D00E53F66 /* ImageTableViewCell.swift */ = {isa = PBXFileReference; lastKnownFileType = sourcecode.swift; path = ImageTableViewCell.swift; sourceTree = "<group>"; };
		E1B5FFEB24C8B0760064D3B0 /* GoogleService-Info.plist */ = {isa = PBXFileReference; fileEncoding = 4; lastKnownFileType = text.plist.xml; path = "GoogleService-Info.plist"; sourceTree = "<group>"; };
		E1B5FFED24C8BAEC0064D3B0 /* videoTableViewCell.swift */ = {isa = PBXFileReference; lastKnownFileType = sourcecode.swift; path = videoTableViewCell.swift; sourceTree = "<group>"; };
		E1C7747A24C89B3200A02E9C /* Model.swift */ = {isa = PBXFileReference; lastKnownFileType = sourcecode.swift; path = Model.swift; sourceTree = "<group>"; };
		E1C7747E24C8A7ED00A02E9C /* Extensions.swift */ = {isa = PBXFileReference; lastKnownFileType = sourcecode.swift; path = Extensions.swift; sourceTree = "<group>"; };
/* End PBXFileReference section */

/* Begin PBXFrameworksBuildPhase section */
		E12B9A0C24C895D800E53F66 /* Frameworks */ = {
			isa = PBXFrameworksBuildPhase;
			buildActionMask = 2147483647;
			files = (
				4C044A1E0908BD01DB225AA5 /* Pods_SmoothCommerce_Challenge.framework in Frameworks */,
			);
			runOnlyForDeploymentPostprocessing = 0;
		};
/* End PBXFrameworksBuildPhase section */

/* Begin PBXGroup section */
		1744D520387017BACF9EEA68 /* Frameworks */ = {
			isa = PBXGroup;
			children = (
				77B616453802EB416B67C864 /* Pods_SmoothCommerce_Challenge.framework */,
			);
			name = Frameworks;
			sourceTree = "<group>";
		};
		A29E5BC94663DF4F85C9AEFD /* Pods */ = {
			isa = PBXGroup;
			children = (
				4622C89DE8CE123D616C14DF /* Pods-SmoothCommerce Challenge.debug.xcconfig */,
				65E0252A7E8F369DED0C0114 /* Pods-SmoothCommerce Challenge.release.xcconfig */,
			);
			path = Pods;
			sourceTree = "<group>";
		};
		E12B9A0624C895D800E53F66 = {
			isa = PBXGroup;
			children = (
				E12B9A1124C895D800E53F66 /* SmoothCommerce Challenge */,
				E12B9A1024C895D800E53F66 /* Products */,
				A29E5BC94663DF4F85C9AEFD /* Pods */,
				1744D520387017BACF9EEA68 /* Frameworks */,
			);
			sourceTree = "<group>";
		};
		E12B9A1024C895D800E53F66 /* Products */ = {
			isa = PBXGroup;
			children = (
				E12B9A0F24C895D800E53F66 /* SmoothCommerce Challenge.app */,
			);
			name = Products;
			sourceTree = "<group>";
		};
		E12B9A1124C895D800E53F66 /* SmoothCommerce Challenge */ = {
			isa = PBXGroup;
			children = (
				E1B5FFF324C8BD970064D3B0 /* Resources */,
				E1B5FFF124C8BD610064D3B0 /* Models */,
				E1B5FFF024C8BD560064D3B0 /* Views */,
				E1B5FFEF24C8BD4E0064D3B0 /* Controllers */,
				E12B9A1224C895D800E53F66 /* AppDelegate.swift */,
				E12B9A1424C895D800E53F66 /* SceneDelegate.swift */,
				E12B9A2024C895D900E53F66 /* Info.plist */,
				E1B5FFEB24C8B0760064D3B0 /* GoogleService-Info.plist */,
			);
			path = "SmoothCommerce Challenge";
			sourceTree = "<group>";
		};
		E1B5FFEF24C8BD4E0064D3B0 /* Controllers */ = {
			isa = PBXGroup;
			children = (
				E12B9A1624C895D800E53F66 /* FeedViewController.swift */,
			);
			path = Controllers;
			sourceTree = "<group>";
		};
		E1B5FFF024C8BD560064D3B0 /* Views */ = {
			isa = PBXGroup;
			children = (
				E12B9A1824C895D800E53F66 /* Main.storyboard */,
				E12B9A1D24C895D900E53F66 /* LaunchScreen.storyboard */,
			);
			path = Views;
			sourceTree = "<group>";
		};
		E1B5FFF124C8BD610064D3B0 /* Models */ = {
			isa = PBXGroup;
			children = (
				E12B9A2624C8967700E53F66 /* TextTableViewCell.swift */,
				E12B9A2824C8968400E53F66 /* LinkTableViewCell.swift */,
				E12B9A2A24C8968D00E53F66 /* ImageTableViewCell.swift */,
				E1B5FFED24C8BAEC0064D3B0 /* videoTableViewCell.swift */,
				E1C7747E24C8A7ED00A02E9C /* Extensions.swift */,
				E1C7747A24C89B3200A02E9C /* Model.swift */,
			);
			path = Models;
			sourceTree = "<group>";
		};
		E1B5FFF324C8BD970064D3B0 /* Resources */ = {
			isa = PBXGroup;
			children = (
				E12B9A1B24C895D900E53F66 /* Assets.xcassets */,
			);
			path = Resources;
			sourceTree = "<group>";
		};
/* End PBXGroup section */

/* Begin PBXNativeTarget section */
		E12B9A0E24C895D800E53F66 /* SmoothCommerce Challenge */ = {
			isa = PBXNativeTarget;
			buildConfigurationList = E12B9A2324C895D900E53F66 /* Build configuration list for PBXNativeTarget "SmoothCommerce Challenge" */;
			buildPhases = (
				62F57B74C592E5A7F8804198 /* [CP] Check Pods Manifest.lock */,
				E12B9A0B24C895D800E53F66 /* Sources */,
				E12B9A0C24C895D800E53F66 /* Frameworks */,
				E12B9A0D24C895D800E53F66 /* Resources */,
				C9878EC5E77B1F6227222400 /* [CP] Embed Pods Frameworks */,
			);
			buildRules = (
			);
			dependencies = (
			);
			name = "SmoothCommerce Challenge";
			productName = "SmoothCommerce Challenge";
			productReference = E12B9A0F24C895D800E53F66 /* SmoothCommerce Challenge.app */;
			productType = "com.apple.product-type.application";
		};
/* End PBXNativeTarget section */

/* Begin PBXProject section */
		E12B9A0724C895D800E53F66 /* Project object */ = {
			isa = PBXProject;
			attributes = {
				LastSwiftUpdateCheck = 1160;
				LastUpgradeCheck = 1160;
				ORGANIZATIONNAME = "Nirav Bavishi";
				TargetAttributes = {
					E12B9A0E24C895D800E53F66 = {
						CreatedOnToolsVersion = 11.6;
					};
				};
			};
			buildConfigurationList = E12B9A0A24C895D800E53F66 /* Build configuration list for PBXProject "SmoothCommerce Challenge" */;
			compatibilityVersion = "Xcode 9.3";
			developmentRegion = en;
			hasScannedForEncodings = 0;
			knownRegions = (
				en,
				Base,
			);
			mainGroup = E12B9A0624C895D800E53F66;
			productRefGroup = E12B9A1024C895D800E53F66 /* Products */;
			projectDirPath = "";
			projectRoot = "";
			targets = (
				E12B9A0E24C895D800E53F66 /* SmoothCommerce Challenge */,
			);
		};
/* End PBXProject section */

/* Begin PBXResourcesBuildPhase section */
		E12B9A0D24C895D800E53F66 /* Resources */ = {
			isa = PBXResourcesBuildPhase;
			buildActionMask = 2147483647;
			files = (
				E1B5FFEC24C8B0760064D3B0 /* GoogleService-Info.plist in Resources */,
				E12B9A1F24C895D900E53F66 /* LaunchScreen.storyboard in Resources */,
				E12B9A1C24C895D900E53F66 /* Assets.xcassets in Resources */,
				E12B9A1A24C895D800E53F66 /* Main.storyboard in Resources */,
			);
			runOnlyForDeploymentPostprocessing = 0;
		};
/* End PBXResourcesBuildPhase section */

/* Begin PBXShellScriptBuildPhase section */
		62F57B74C592E5A7F8804198 /* [CP] Check Pods Manifest.lock */ = {
			isa = PBXShellScriptBuildPhase;
			buildActionMask = 2147483647;
			files = (
			);
			inputFileListPaths = (
			);
			inputPaths = (
				"${PODS_PODFILE_DIR_PATH}/Podfile.lock",
				"${PODS_ROOT}/Manifest.lock",
			);
			name = "[CP] Check Pods Manifest.lock";
			outputFileListPaths = (
			);
			outputPaths = (
				"$(DERIVED_FILE_DIR)/Pods-SmoothCommerce Challenge-checkManifestLockResult.txt",
			);
			runOnlyForDeploymentPostprocessing = 0;
			shellPath = /bin/sh;
			shellScript = "diff \"${PODS_PODFILE_DIR_PATH}/Podfile.lock\" \"${PODS_ROOT}/Manifest.lock\" > /dev/null\nif [ $? != 0 ] ; then\n    # print error to STDERR\n    echo \"error: The sandbox is not in sync with the Podfile.lock. Run 'pod install' or update your CocoaPods installation.\" >&2\n    exit 1\nfi\n# This output is used by Xcode 'outputs' to avoid re-running this script phase.\necho \"SUCCESS\" > \"${SCRIPT_OUTPUT_FILE_0}\"\n";
			showEnvVarsInLog = 0;
		};
		C9878EC5E77B1F6227222400 /* [CP] Embed Pods Frameworks */ = {
			isa = PBXShellScriptBuildPhase;
			buildActionMask = 2147483647;
			files = (
			);
			inputFileListPaths = (
				"${PODS_ROOT}/Target Support Files/Pods-SmoothCommerce Challenge/Pods-SmoothCommerce Challenge-frameworks-${CONFIGURATION}-input-files.xcfilelist",
			);
			name = "[CP] Embed Pods Frameworks";
			outputFileListPaths = (
				"${PODS_ROOT}/Target Support Files/Pods-SmoothCommerce Challenge/Pods-SmoothCommerce Challenge-frameworks-${CONFIGURATION}-output-files.xcfilelist",
			);
			runOnlyForDeploymentPostprocessing = 0;
			shellPath = /bin/sh;
			shellScript = "\"${PODS_ROOT}/Target Support Files/Pods-SmoothCommerce Challenge/Pods-SmoothCommerce Challenge-frameworks.sh\"\n";
			showEnvVarsInLog = 0;
		};
/* End PBXShellScriptBuildPhase section */

/* Begin PBXSourcesBuildPhase section */
		E12B9A0B24C895D800E53F66 /* Sources */ = {
			isa = PBXSourcesBuildPhase;
			buildActionMask = 2147483647;
			files = (
				E12B9A2924C8968400E53F66 /* LinkTableViewCell.swift in Sources */,
				E12B9A1724C895D800E53F66 /* FeedViewController.swift in Sources */,
				E12B9A1324C895D800E53F66 /* AppDelegate.swift in Sources */,
				E1C7747F24C8A7ED00A02E9C /* Extensions.swift in Sources */,
				E1B5FFEE24C8BAEC0064D3B0 /* videoTableViewCell.swift in Sources */,
				E12B9A2B24C8968D00E53F66 /* ImageTableViewCell.swift in Sources */,
				E12B9A2724C8967700E53F66 /* TextTableViewCell.swift in Sources */,
				E12B9A1524C895D800E53F66 /* SceneDelegate.swift in Sources */,
				E1C7747B24C89B3200A02E9C /* Model.swift in Sources */,
			);
			runOnlyForDeploymentPostprocessing = 0;
		};
/* End PBXSourcesBuildPhase section */

/* Begin PBXVariantGroup section */
		E12B9A1824C895D800E53F66 /* Main.storyboard */ = {
			isa = PBXVariantGroup;
			children = (
				E12B9A1924C895D800E53F66 /* Base */,
			);
			name = Main.storyboard;
			sourceTree = "<group>";
		};
		E12B9A1D24C895D900E53F66 /* LaunchScreen.storyboard */ = {
			isa = PBXVariantGroup;
			children = (
				E12B9A1E24C895D900E53F66 /* Base */,
			);
			name = LaunchScreen.storyboard;
			sourceTree = "<group>";
		};
/* End PBXVariantGroup section */

/* Begin XCBuildConfiguration section */
		E12B9A2124C895D900E53F66 /* Debug */ = {
			isa = XCBuildConfiguration;
			buildSettings = {
				ALWAYS_SEARCH_USER_PATHS = NO;
				CLANG_ANALYZER_NONNULL = YES;
				CLANG_ANALYZER_NUMBER_OBJECT_CONVERSION = YES_AGGRESSIVE;
				CLANG_CXX_LANGUAGE_STANDARD = "gnu++14";
				CLANG_CXX_LIBRARY = "libc++";
				CLANG_ENABLE_MODULES = YES;
				CLANG_ENABLE_OBJC_ARC = YES;
				CLANG_ENABLE_OBJC_WEAK = YES;
				CLANG_WARN_BLOCK_CAPTURE_AUTORELEASING = YES;
				CLANG_WARN_BOOL_CONVERSION = YES;
				CLANG_WARN_COMMA = YES;
				CLANG_WARN_CONSTANT_CONVERSION = YES;
				CLANG_WARN_DEPRECATED_OBJC_IMPLEMENTATIONS = YES;
				CLANG_WARN_DIRECT_OBJC_ISA_USAGE = YES_ERROR;
				CLANG_WARN_DOCUMENTATION_COMMENTS = YES;
				CLANG_WARN_EMPTY_BODY = YES;
				CLANG_WARN_ENUM_CONVERSION = YES;
				CLANG_WARN_INFINITE_RECURSION = YES;
				CLANG_WARN_INT_CONVERSION = YES;
				CLANG_WARN_NON_LITERAL_NULL_CONVERSION = YES;
				CLANG_WARN_OBJC_IMPLICIT_RETAIN_SELF = YES;
				CLANG_WARN_OBJC_LITERAL_CONVERSION = YES;
				CLANG_WARN_OBJC_ROOT_CLASS = YES_ERROR;
				CLANG_WARN_RANGE_LOOP_ANALYSIS = YES;
				CLANG_WARN_STRICT_PROTOTYPES = YES;
				CLANG_WARN_SUSPICIOUS_MOVE = YES;
				CLANG_WARN_UNGUARDED_AVAILABILITY = YES_AGGRESSIVE;
				CLANG_WARN_UNREACHABLE_CODE = YES;
				CLANG_WARN__DUPLICATE_METHOD_MATCH = YES;
				COPY_PHASE_STRIP = NO;
				DEBUG_INFORMATION_FORMAT = dwarf;
				ENABLE_STRICT_OBJC_MSGSEND = YES;
				ENABLE_TESTABILITY = YES;
				GCC_C_LANGUAGE_STANDARD = gnu11;
				GCC_DYNAMIC_NO_PIC = NO;
				GCC_NO_COMMON_BLOCKS = YES;
				GCC_OPTIMIZATION_LEVEL = 0;
				GCC_PREPROCESSOR_DEFINITIONS = (
					"DEBUG=1",
					"$(inherited)",
				);
				GCC_WARN_64_TO_32_BIT_CONVERSION = YES;
				GCC_WARN_ABOUT_RETURN_TYPE = YES_ERROR;
				GCC_WARN_UNDECLARED_SELECTOR = YES;
				GCC_WARN_UNINITIALIZED_AUTOS = YES_AGGRESSIVE;
				GCC_WARN_UNUSED_FUNCTION = YES;
				GCC_WARN_UNUSED_VARIABLE = YES;
				IPHONEOS_DEPLOYMENT_TARGET = 13.6;
				MTL_ENABLE_DEBUG_INFO = INCLUDE_SOURCE;
				MTL_FAST_MATH = YES;
				ONLY_ACTIVE_ARCH = YES;
				SDKROOT = iphoneos;
				SWIFT_ACTIVE_COMPILATION_CONDITIONS = DEBUG;
				SWIFT_OPTIMIZATION_LEVEL = "-Onone";
			};
			name = Debug;
		};
		E12B9A2224C895D900E53F66 /* Release */ = {
			isa = XCBuildConfiguration;
			buildSettings = {
				ALWAYS_SEARCH_USER_PATHS = NO;
				CLANG_ANALYZER_NONNULL = YES;
				CLANG_ANALYZER_NUMBER_OBJECT_CONVERSION = YES_AGGRESSIVE;
				CLANG_CXX_LANGUAGE_STANDARD = "gnu++14";
				CLANG_CXX_LIBRARY = "libc++";
				CLANG_ENABLE_MODULES = YES;
				CLANG_ENABLE_OBJC_ARC = YES;
				CLANG_ENABLE_OBJC_WEAK = YES;
				CLANG_WARN_BLOCK_CAPTURE_AUTORELEASING = YES;
				CLANG_WARN_BOOL_CONVERSION = YES;
				CLANG_WARN_COMMA = YES;
				CLANG_WARN_CONSTANT_CONVERSION = YES;
				CLANG_WARN_DEPRECATED_OBJC_IMPLEMENTATIONS = YES;
				CLANG_WARN_DIRECT_OBJC_ISA_USAGE = YES_ERROR;
				CLANG_WARN_DOCUMENTATION_COMMENTS = YES;
				CLANG_WARN_EMPTY_BODY = YES;
				CLANG_WARN_ENUM_CONVERSION = YES;
				CLANG_WARN_INFINITE_RECURSION = YES;
				CLANG_WARN_INT_CONVERSION = YES;
				CLANG_WARN_NON_LITERAL_NULL_CONVERSION = YES;
				CLANG_WARN_OBJC_IMPLICIT_RETAIN_SELF = YES;
				CLANG_WARN_OBJC_LITERAL_CONVERSION = YES;
				CLANG_WARN_OBJC_ROOT_CLASS = YES_ERROR;
				CLANG_WARN_RANGE_LOOP_ANALYSIS = YES;
				CLANG_WARN_STRICT_PROTOTYPES = YES;
				CLANG_WARN_SUSPICIOUS_MOVE = YES;
				CLANG_WARN_UNGUARDED_AVAILABILITY = YES_AGGRESSIVE;
				CLANG_WARN_UNREACHABLE_CODE = YES;
				CLANG_WARN__DUPLICATE_METHOD_MATCH = YES;
				COPY_PHASE_STRIP = NO;
				DEBUG_INFORMATION_FORMAT = "dwarf-with-dsym";
				ENABLE_NS_ASSERTIONS = NO;
				ENABLE_STRICT_OBJC_MSGSEND = YES;
				GCC_C_LANGUAGE_STANDARD = gnu11;
				GCC_NO_COMMON_BLOCKS = YES;
				GCC_WARN_64_TO_32_BIT_CONVERSION = YES;
				GCC_WARN_ABOUT_RETURN_TYPE = YES_ERROR;
				GCC_WARN_UNDECLARED_SELECTOR = YES;
				GCC_WARN_UNINITIALIZED_AUTOS = YES_AGGRESSIVE;
				GCC_WARN_UNUSED_FUNCTION = YES;
				GCC_WARN_UNUSED_VARIABLE = YES;
				IPHONEOS_DEPLOYMENT_TARGET = 13.6;
				MTL_ENABLE_DEBUG_INFO = NO;
				MTL_FAST_MATH = YES;
				SDKROOT = iphoneos;
				SWIFT_COMPILATION_MODE = wholemodule;
				SWIFT_OPTIMIZATION_LEVEL = "-O";
				VALIDATE_PRODUCT = YES;
			};
			name = Release;
		};
		E12B9A2424C895D900E53F66 /* Debug */ = {
			isa = XCBuildConfiguration;
			baseConfigurationReference = 4622C89DE8CE123D616C14DF /* Pods-SmoothCommerce Challenge.debug.xcconfig */;
			buildSettings = {
				ASSETCATALOG_COMPILER_APPICON_NAME = AppIcon;
				CODE_SIGN_STYLE = Automatic;
				INFOPLIST_FILE = "SmoothCommerce Challenge/Info.plist";
				LD_RUNPATH_SEARCH_PATHS = (
					"$(inherited)",
					"@executable_path/Frameworks",
				);
				PRODUCT_BUNDLE_IDENTIFIER = "com.nriavbavishi.SmoothCommerce-Challenge";
				PRODUCT_NAME = "$(TARGET_NAME)";
				SWIFT_VERSION = 5.0;
				TARGETED_DEVICE_FAMILY = "1,2";
			};
			name = Debug;
		};
		E12B9A2524C895D900E53F66 /* Release */ = {
			isa = XCBuildConfiguration;
			baseConfigurationReference = 65E0252A7E8F369DED0C0114 /* Pods-SmoothCommerce Challenge.release.xcconfig */;
			buildSettings = {
				ASSETCATALOG_COMPILER_APPICON_NAME = AppIcon;
				CODE_SIGN_STYLE = Automatic;
				INFOPLIST_FILE = "SmoothCommerce Challenge/Info.plist";
				LD_RUNPATH_SEARCH_PATHS = (
					"$(inherited)",
					"@executable_path/Frameworks",
				);
				PRODUCT_BUNDLE_IDENTIFIER = "com.nriavbavishi.SmoothCommerce-Challenge";
				PRODUCT_NAME = "$(TARGET_NAME)";
				SWIFT_VERSION = 5.0;
				TARGETED_DEVICE_FAMILY = "1,2";
			};
			name = Release;
		};
/* End XCBuildConfiguration section */

/* Begin XCConfigurationList section */
		E12B9A0A24C895D800E53F66 /* Build configuration list for PBXProject "SmoothCommerce Challenge" */ = {
			isa = XCConfigurationList;
			buildConfigurations = (
				E12B9A2124C895D900E53F66 /* Debug */,
				E12B9A2224C895D900E53F66 /* Release */,
			);
			defaultConfigurationIsVisible = 0;
			defaultConfigurationName = Release;
		};
		E12B9A2324C895D900E53F66 /* Build configuration list for PBXNativeTarget "SmoothCommerce Challenge" */ = {
			isa = XCConfigurationList;
			buildConfigurations = (
				E12B9A2424C895D900E53F66 /* Debug */,
				E12B9A2524C895D900E53F66 /* Release */,
			);
			defaultConfigurationIsVisible = 0;
			defaultConfigurationName = Release;
		};
/* End XCConfigurationList section */
	};
	rootObject = E12B9A0724C895D800E53F66 /* Project object */;
}
